// !$*UTF8*$!
{
	archiveVersion = 1;
	classes = {
	};
	objectVersion = 46;
	objects = {

/* Begin PBXBuildFile section */
		9B4D87611EF084A1008EB9CD /* ClassListViewController.swift in Sources */ = {isa = PBXBuildFile; fileRef = 9B4D87601EF084A1008EB9CD /* ClassListViewController.swift */; };
		9B4D87631EF08582008EB9CD /* ClassDetialsViewController.swift in Sources */ = {isa = PBXBuildFile; fileRef = 9B4D87621EF08582008EB9CD /* ClassDetialsViewController.swift */; };
		9B8F46CA1EF322C50069AF7C /* State.swift in Sources */ = {isa = PBXBuildFile; fileRef = 9B8F46C91EF322C50069AF7C /* State.swift */; };
		9B8F46CD1EF323C70069AF7C /* ClassListViewModel.swift in Sources */ = {isa = PBXBuildFile; fileRef = 9B8F46CC1EF323C70069AF7C /* ClassListViewModel.swift */; };
		9B9D9A861EEF185400FE10EE /* ClassList.graphql in Resources */ = {isa = PBXBuildFile; fileRef = 9B9D9A851EEF185400FE10EE /* ClassList.graphql */; };
		9B9D9A891EEF188000FE10EE /* API.swift in Sources */ = {isa = PBXBuildFile; fileRef = 9B9D9A881EEF188000FE10EE /* API.swift */; };
		9B9EF0D61EF57420004306AB /* ClassDetailsViewModel.swift in Sources */ = {isa = PBXBuildFile; fileRef = 9B9EF0D51EF57420004306AB /* ClassDetailsViewModel.swift */; };
		9BA17FC01EEC5D4D00854718 /* AppDelegate.swift in Sources */ = {isa = PBXBuildFile; fileRef = 9BA17FBF1EEC5D4D00854718 /* AppDelegate.swift */; };
		9BA17FC51EEC5D4D00854718 /* Main.storyboard in Resources */ = {isa = PBXBuildFile; fileRef = 9BA17FC31EEC5D4D00854718 /* Main.storyboard */; };
		9BA17FC71EEC5D4D00854718 /* Assets.xcassets in Resources */ = {isa = PBXBuildFile; fileRef = 9BA17FC61EEC5D4D00854718 /* Assets.xcassets */; };
		9BA17FCA1EEC5D4D00854718 /* LaunchScreen.storyboard in Resources */ = {isa = PBXBuildFile; fileRef = 9BA17FC81EEC5D4D00854718 /* LaunchScreen.storyboard */; };
		9BB2C2DB1EF1B42F0022454F /* TeacherView.swift in Sources */ = {isa = PBXBuildFile; fileRef = 9BB2C2DA1EF1B42F0022454F /* TeacherView.swift */; };
		9BEC65131EEDA624006910F4 /* Apollo.framework in Frameworks */ = {isa = PBXBuildFile; fileRef = 9BEC65121EEDA624006910F4 /* Apollo.framework */; };
/* End PBXBuildFile section */

/* Begin PBXFileReference section */
		9B4D87601EF084A1008EB9CD /* ClassListViewController.swift */ = {isa = PBXFileReference; fileEncoding = 4; lastKnownFileType = sourcecode.swift; name = ClassListViewController.swift; path = ClassList/ClassListViewController.swift; sourceTree = "<group>"; };
		9B4D87621EF08582008EB9CD /* ClassDetialsViewController.swift */ = {isa = PBXFileReference; fileEncoding = 4; lastKnownFileType = sourcecode.swift; name = ClassDetialsViewController.swift; path = ClassDetails/ClassDetialsViewController.swift; sourceTree = "<group>"; };
		9B8F46C91EF322C50069AF7C /* State.swift */ = {isa = PBXFileReference; fileEncoding = 4; lastKnownFileType = sourcecode.swift; name = State.swift; path = Common/State.swift; sourceTree = "<group>"; };
		9B8F46CC1EF323C70069AF7C /* ClassListViewModel.swift */ = {isa = PBXFileReference; fileEncoding = 4; lastKnownFileType = sourcecode.swift; name = ClassListViewModel.swift; path = ClassList/ClassListViewModel.swift; sourceTree = "<group>"; };
		9B9D9A851EEF185400FE10EE /* ClassList.graphql */ = {isa = PBXFileReference; fileEncoding = 4; lastKnownFileType = text; name = ClassList.graphql; path = ClassList/ClassList.graphql; sourceTree = "<group>"; };
		9B9D9A881EEF188000FE10EE /* API.swift */ = {isa = PBXFileReference; fileEncoding = 4; lastKnownFileType = sourcecode.swift; path = API.swift; sourceTree = "<group>"; };
		9B9EF0D51EF57420004306AB /* ClassDetailsViewModel.swift */ = {isa = PBXFileReference; fileEncoding = 4; lastKnownFileType = sourcecode.swift; name = ClassDetailsViewModel.swift; path = ClassDetails/ClassDetailsViewModel.swift; sourceTree = "<group>"; };
		9BA17FBC1EEC5D4D00854718 /* Schedule.app */ = {isa = PBXFileReference; explicitFileType = wrapper.application; includeInIndex = 0; path = Schedule.app; sourceTree = BUILT_PRODUCTS_DIR; };
		9BA17FBF1EEC5D4D00854718 /* AppDelegate.swift */ = {isa = PBXFileReference; lastKnownFileType = sourcecode.swift; path = AppDelegate.swift; sourceTree = "<group>"; };
		9BA17FC41EEC5D4D00854718 /* Base */ = {isa = PBXFileReference; lastKnownFileType = file.storyboard; name = Base; path = Base.lproj/Main.storyboard; sourceTree = "<group>"; };
		9BA17FC61EEC5D4D00854718 /* Assets.xcassets */ = {isa = PBXFileReference; lastKnownFileType = folder.assetcatalog; path = Assets.xcassets; sourceTree = "<group>"; };
		9BA17FC91EEC5D4D00854718 /* Base */ = {isa = PBXFileReference; lastKnownFileType = file.storyboard; name = Base; path = Base.lproj/LaunchScreen.storyboard; sourceTree = "<group>"; };
		9BA17FCB1EEC5D4D00854718 /* Info.plist */ = {isa = PBXFileReference; lastKnownFileType = text.plist.xml; path = Info.plist; sourceTree = "<group>"; };
		9BB2C2DA1EF1B42F0022454F /* TeacherView.swift */ = {isa = PBXFileReference; fileEncoding = 4; lastKnownFileType = sourcecode.swift; name = TeacherView.swift; path = ClassDetails/TeacherView.swift; sourceTree = "<group>"; };
		9BEC65121EEDA624006910F4 /* Apollo.framework */ = {isa = PBXFileReference; lastKnownFileType = wrapper.framework; name = Apollo.framework; path = Carthage/Build/iOS/Apollo.framework; sourceTree = "<group>"; };
/* End PBXFileReference section */

/* Begin PBXFrameworksBuildPhase section */
		9BA17FB91EEC5D4D00854718 /* Frameworks */ = {
			isa = PBXFrameworksBuildPhase;
			buildActionMask = 2147483647;
			files = (
				9BEC65131EEDA624006910F4 /* Apollo.framework in Frameworks */,
			);
			runOnlyForDeploymentPostprocessing = 0;
		};
/* End PBXFrameworksBuildPhase section */

/* Begin PBXGroup section */
		9B4D87641EF08586008EB9CD /* ClassDetails */ = {
			isa = PBXGroup;
			children = (
				9B4D87621EF08582008EB9CD /* ClassDetialsViewController.swift */,
				9B9EF0D51EF57420004306AB /* ClassDetailsViewModel.swift */,
				9BB2C2DA1EF1B42F0022454F /* TeacherView.swift */,
			);
			name = ClassDetails;
			sourceTree = "<group>";
		};
		9B8F46CB1EF322C90069AF7C /* Common */ = {
			isa = PBXGroup;
			children = (
				9B8F46C91EF322C50069AF7C /* State.swift */,
			);
			name = Common;
			sourceTree = "<group>";
		};
		9B9D9A871EEF185E00FE10EE /* ClassList */ = {
			isa = PBXGroup;
			children = (
				9B9D9A851EEF185400FE10EE /* ClassList.graphql */,
				9B4D87601EF084A1008EB9CD /* ClassListViewController.swift */,
				9B8F46CC1EF323C70069AF7C /* ClassListViewModel.swift */,
			);
			name = ClassList;
			sourceTree = "<group>";
		};
		9BA17FB31EEC5D4D00854718 = {
			isa = PBXGroup;
			children = (
				9BA17FBE1EEC5D4D00854718 /* Schedule */,
				9BA17FBD1EEC5D4D00854718 /* Products */,
				9BEC65111EEDA624006910F4 /* Frameworks */,
			);
			sourceTree = "<group>";
		};
		9BA17FBD1EEC5D4D00854718 /* Products */ = {
			isa = PBXGroup;
			children = (
				9BA17FBC1EEC5D4D00854718 /* Schedule.app */,
			);
			name = Products;
			sourceTree = "<group>";
		};
		9BA17FBE1EEC5D4D00854718 /* Schedule */ = {
			isa = PBXGroup;
			children = (
				9B9D9A881EEF188000FE10EE /* API.swift */,
				9B4D87641EF08586008EB9CD /* ClassDetails */,
				9B9D9A871EEF185E00FE10EE /* ClassList */,
				9B8F46CB1EF322C90069AF7C /* Common */,
				9BA17FBF1EEC5D4D00854718 /* AppDelegate.swift */,
				9BA17FC61EEC5D4D00854718 /* Assets.xcassets */,
				9BA17FC31EEC5D4D00854718 /* Main.storyboard */,
				9BA17FC81EEC5D4D00854718 /* LaunchScreen.storyboard */,
				9BA17FCB1EEC5D4D00854718 /* Info.plist */,
			);
			path = Schedule;
			sourceTree = "<group>";
		};
		9BEC65111EEDA624006910F4 /* Frameworks */ = {
			isa = PBXGroup;
			children = (
				9BEC65121EEDA624006910F4 /* Apollo.framework */,
			);
			name = Frameworks;
			sourceTree = "<group>";
		};
/* End PBXGroup section */

/* Begin PBXNativeTarget section */
		9BA17FBB1EEC5D4D00854718 /* Schedule */ = {
			isa = PBXNativeTarget;
			buildConfigurationList = 9BA17FCE1EEC5D4D00854718 /* Build configuration list for PBXNativeTarget "Schedule" */;
			buildPhases = (
				9BEC65161EEDA786006910F4 /* Generate Apollo GraphQL API */,
				9BA17FB81EEC5D4D00854718 /* Sources */,
				9BA17FB91EEC5D4D00854718 /* Frameworks */,
				9BA17FBA1EEC5D4D00854718 /* Resources */,
				9BEC65141EEDA62B006910F4 /* Carthage */,
			);
			buildRules = (
			);
			dependencies = (
			);
			name = Schedule;
			productName = Schedule;
			productReference = 9BA17FBC1EEC5D4D00854718 /* Schedule.app */;
			productType = "com.apple.product-type.application";
		};
/* End PBXNativeTarget section */

/* Begin PBXProject section */
		9BA17FB41EEC5D4D00854718 /* Project object */ = {
			isa = PBXProject;
			attributes = {
				LastSwiftUpdateCheck = 0830;
				LastUpgradeCheck = 0830;
				ORGANIZATIONNAME = "ShengHua Wu";
				TargetAttributes = {
					9BA17FBB1EEC5D4D00854718 = {
						CreatedOnToolsVersion = 8.3.3;
						ProvisioningStyle = Automatic;
					};
				};
			};
			buildConfigurationList = 9BA17FB71EEC5D4D00854718 /* Build configuration list for PBXProject "Schedule" */;
			compatibilityVersion = "Xcode 3.2";
			developmentRegion = English;
			hasScannedForEncodings = 0;
			knownRegions = (
				en,
				Base,
			);
			mainGroup = 9BA17FB31EEC5D4D00854718;
			productRefGroup = 9BA17FBD1EEC5D4D00854718 /* Products */;
			projectDirPath = "";
			projectRoot = "";
			targets = (
				9BA17FBB1EEC5D4D00854718 /* Schedule */,
			);
		};
/* End PBXProject section */

/* Begin PBXResourcesBuildPhase section */
		9BA17FBA1EEC5D4D00854718 /* Resources */ = {
			isa = PBXResourcesBuildPhase;
			buildActionMask = 2147483647;
			files = (
				9B9D9A861EEF185400FE10EE /* ClassList.graphql in Resources */,
				9BA17FCA1EEC5D4D00854718 /* LaunchScreen.storyboard in Resources */,
				9BA17FC71EEC5D4D00854718 /* Assets.xcassets in Resources */,
				9BA17FC51EEC5D4D00854718 /* Main.storyboard in Resources */,
			);
			runOnlyForDeploymentPostprocessing = 0;
		};
/* End PBXResourcesBuildPhase section */

/* Begin PBXShellScriptBuildPhase section */
		9BEC65141EEDA62B006910F4 /* Carthage */ = {
			isa = PBXShellScriptBuildPhase;
			buildActionMask = 2147483647;
			files = (
			);
			inputPaths = (
				"$(SRCROOT)/Carthage/Build/iOS/Apollo.framework",
			);
			name = Carthage;
			outputPaths = (
			);
			runOnlyForDeploymentPostprocessing = 0;
			shellPath = /bin/sh;
			shellScript = "/usr/local/bin/carthage copy-frameworks";
		};
		9BEC65161EEDA786006910F4 /* Generate Apollo GraphQL API */ = {
			isa = PBXShellScriptBuildPhase;
			buildActionMask = 2147483647;
			files = (
			);
			inputPaths = (
			);
			name = "Generate Apollo GraphQL API";
			outputPaths = (
			);
			runOnlyForDeploymentPostprocessing = 0;
			shellPath = /bin/sh;
			shellScript = "APOLLO_FRAMEWORK_PATH=\"$(eval find $FRAMEWORK_SEARCH_PATHS -name \"Apollo.framework\" -maxdepth 1)\"\n\nif [ -z \"$APOLLO_FRAMEWORK_PATH\" ]; then\necho \"error: Couldn't find Apollo.framework in FRAMEWORK_SEARCH_PATHS; make sure to add the framework to your project.\"\nexit 1\nfi\n\ncd \"${SRCROOT}/${TARGET_NAME}\"\n$APOLLO_FRAMEWORK_PATH/check-and-run-apollo-codegen.sh generate $(find . -name '*.graphql') --schema schema.json --output API.swift";
		};
/* End PBXShellScriptBuildPhase section */

/* Begin PBXSourcesBuildPhase section */
		9BA17FB81EEC5D4D00854718 /* Sources */ = {
			isa = PBXSourcesBuildPhase;
			buildActionMask = 2147483647;
			files = (
				9B4D87631EF08582008EB9CD /* ClassDetialsViewController.swift in Sources */,
				9BB2C2DB1EF1B42F0022454F /* TeacherView.swift in Sources */,
				9B4D87611EF084A1008EB9CD /* ClassListViewController.swift in Sources */,
				9B9D9A891EEF188000FE10EE /* API.swift in Sources */,
				9BA17FC01EEC5D4D00854718 /* AppDelegate.swift in Sources */,
				9B8F46CD1EF323C70069AF7C /* ClassListViewModel.swift in Sources */,
				9B9EF0D61EF57420004306AB /* ClassDetailsViewModel.swift in Sources */,
				9B8F46CA1EF322C50069AF7C /* State.swift in Sources */,
			);
			runOnlyForDeploymentPostprocessing = 0;
		};
/* End PBXSourcesBuildPhase section */

/* Begin PBXVariantGroup section */
		9BA17FC31EEC5D4D00854718 /* Main.storyboard */ = {
			isa = PBXVariantGroup;
			children = (
				9BA17FC41EEC5D4D00854718 /* Base */,
			);
			name = Main.storyboard;
			sourceTree = "<group>";
		};
		9BA17FC81EEC5D4D00854718 /* LaunchScreen.storyboard */ = {
			isa = PBXVariantGroup;
			children = (
				9BA17FC91EEC5D4D00854718 /* Base */,
			);
			name = LaunchScreen.storyboard;
			sourceTree = "<group>";
		};
/* End PBXVariantGroup section */

/* Begin XCBuildConfiguration section */
		9BA17FCC1EEC5D4D00854718 /* Debug */ = {
			isa = XCBuildConfiguration;
			buildSettings = {
				ALWAYS_SEARCH_USER_PATHS = NO;
				CLANG_ANALYZER_NONNULL = YES;
				CLANG_ANALYZER_NUMBER_OBJECT_CONVERSION = YES_AGGRESSIVE;
				CLANG_CXX_LANGUAGE_STANDARD = "gnu++0x";
				CLANG_CXX_LIBRARY = "libc++";
				CLANG_ENABLE_MODULES = YES;
				CLANG_ENABLE_OBJC_ARC = YES;
				CLANG_WARN_BOOL_CONVERSION = YES;
				CLANG_WARN_CONSTANT_CONVERSION = YES;
				CLANG_WARN_DIRECT_OBJC_ISA_USAGE = YES_ERROR;
				CLANG_WARN_DOCUMENTATION_COMMENTS = YES;
				CLANG_WARN_EMPTY_BODY = YES;
				CLANG_WARN_ENUM_CONVERSION = YES;
				CLANG_WARN_INFINITE_RECURSION = YES;
				CLANG_WARN_INT_CONVERSION = YES;
				CLANG_WARN_OBJC_ROOT_CLASS = YES_ERROR;
				CLANG_WARN_SUSPICIOUS_MOVE = YES;
				CLANG_WARN_UNREACHABLE_CODE = YES;
				CLANG_WARN__DUPLICATE_METHOD_MATCH = YES;
				"CODE_SIGN_IDENTITY[sdk=iphoneos*]" = "iPhone Developer";
				COPY_PHASE_STRIP = NO;
				DEBUG_INFORMATION_FORMAT = dwarf;
				ENABLE_STRICT_OBJC_MSGSEND = YES;
				ENABLE_TESTABILITY = YES;
				GCC_C_LANGUAGE_STANDARD = gnu99;
				GCC_DYNAMIC_NO_PIC = NO;
				GCC_NO_COMMON_BLOCKS = YES;
				GCC_OPTIMIZATION_LEVEL = 0;
				GCC_PREPROCESSOR_DEFINITIONS = (
					"DEBUG=1",
					"$(inherited)",
				);
				GCC_WARN_64_TO_32_BIT_CONVERSION = YES;
				GCC_WARN_ABOUT_RETURN_TYPE = YES_ERROR;
				GCC_WARN_UNDECLARED_SELECTOR = YES;
				GCC_WARN_UNINITIALIZED_AUTOS = YES_AGGRESSIVE;
				GCC_WARN_UNUSED_FUNCTION = YES;
				GCC_WARN_UNUSED_VARIABLE = YES;
				IPHONEOS_DEPLOYMENT_TARGET = 10.3;
				MTL_ENABLE_DEBUG_INFO = YES;
				ONLY_ACTIVE_ARCH = YES;
				SDKROOT = iphoneos;
				SWIFT_ACTIVE_COMPILATION_CONDITIONS = DEBUG;
				SWIFT_OPTIMIZATION_LEVEL = "-Onone";
			};
			name = Debug;
		};
		9BA17FCD1EEC5D4D00854718 /* Release */ = {
			isa = XCBuildConfiguration;
			buildSettings = {
				ALWAYS_SEARCH_USER_PATHS = NO;
				CLANG_ANALYZER_NONNULL = YES;
				CLANG_ANALYZER_NUMBER_OBJECT_CONVERSION = YES_AGGRESSIVE;
				CLANG_CXX_LANGUAGE_STANDARD = "gnu++0x";
				CLANG_CXX_LIBRARY = "libc++";
				CLANG_ENABLE_MODULES = YES;
				CLANG_ENABLE_OBJC_ARC = YES;
				CLANG_WARN_BOOL_CONVERSION = YES;
				CLANG_WARN_CONSTANT_CONVERSION = YES;
				CLANG_WARN_DIRECT_OBJC_ISA_USAGE = YES_ERROR;
				CLANG_WARN_DOCUMENTATION_COMMENTS = YES;
				CLANG_WARN_EMPTY_BODY = YES;
				CLANG_WARN_ENUM_CONVERSION = YES;
				CLANG_WARN_INFINITE_RECURSION = YES;
				CLANG_WARN_INT_CONVERSION = YES;
				CLANG_WARN_OBJC_ROOT_CLASS = YES_ERROR;
				CLANG_WARN_SUSPICIOUS_MOVE = YES;
				CLANG_WARN_UNREACHABLE_CODE = YES;
				CLANG_WARN__DUPLICATE_METHOD_MATCH = YES;
				"CODE_SIGN_IDENTITY[sdk=iphoneos*]" = "iPhone Developer";
				COPY_PHASE_STRIP = NO;
				DEBUG_INFORMATION_FORMAT = "dwarf-with-dsym";
				ENABLE_NS_ASSERTIONS = NO;
				ENABLE_STRICT_OBJC_MSGSEND = YES;
				GCC_C_LANGUAGE_STANDARD = gnu99;
				GCC_NO_COMMON_BLOCKS = YES;
				GCC_WARN_64_TO_32_BIT_CONVERSION = YES;
				GCC_WARN_ABOUT_RETURN_TYPE = YES_ERROR;
				GCC_WARN_UNDECLARED_SELECTOR = YES;
				GCC_WARN_UNINITIALIZED_AUTOS = YES_AGGRESSIVE;
				GCC_WARN_UNUSED_FUNCTION = YES;
				GCC_WARN_UNUSED_VARIABLE = YES;
				IPHONEOS_DEPLOYMENT_TARGET = 10.3;
				MTL_ENABLE_DEBUG_INFO = NO;
				SDKROOT = iphoneos;
				SWIFT_OPTIMIZATION_LEVEL = "-Owholemodule";
				VALIDATE_PRODUCT = YES;
			};
			name = Release;
		};
		9BA17FCF1EEC5D4D00854718 /* Debug */ = {
			isa = XCBuildConfiguration;
			buildSettings = {
				ASSETCATALOG_COMPILER_APPICON_NAME = AppIcon;
				FRAMEWORK_SEARCH_PATHS = (
					"$(inherited)",
					"$(PROJECT_DIR)/Carthage/Build/iOS",
				);
				INFOPLIST_FILE = Schedule/Info.plist;
				LD_RUNPATH_SEARCH_PATHS = "$(inherited) @executable_path/Frameworks";
				PRODUCT_BUNDLE_IDENTIFIER = com.shenghuawu.Schedule;
				PRODUCT_NAME = "$(TARGET_NAME)";
				SWIFT_VERSION = 3.0;
			};
			name = Debug;
		};
		9BA17FD01EEC5D4D00854718 /* Release */ = {
			isa = XCBuildConfiguration;
			buildSettings = {
				ASSETCATALOG_COMPILER_APPICON_NAME = AppIcon;
				FRAMEWORK_SEARCH_PATHS = (
					"$(inherited)",
					"$(PROJECT_DIR)/Carthage/Build/iOS",
				);
				INFOPLIST_FILE = Schedule/Info.plist;
				LD_RUNPATH_SEARCH_PATHS = "$(inherited) @executable_path/Frameworks";
				PRODUCT_BUNDLE_IDENTIFIER = com.shenghuawu.Schedule;
				PRODUCT_NAME = "$(TARGET_NAME)";
				SWIFT_VERSION = 3.0;
			};
			name = Release;
		};
/* End XCBuildConfiguration section */

/* Begin XCConfigurationList section */
		9BA17FB71EEC5D4D00854718 /* Build configuration list for PBXProject "Schedule" */ = {
			isa = XCConfigurationList;
			buildConfigurations = (
				9BA17FCC1EEC5D4D00854718 /* Debug */,
				9BA17FCD1EEC5D4D00854718 /* Release */,
			);
			defaultConfigurationIsVisible = 0;
			defaultConfigurationName = Release;
		};
		9BA17FCE1EEC5D4D00854718 /* Build configuration list for PBXNativeTarget "Schedule" */ = {
			isa = XCConfigurationList;
			buildConfigurations = (
				9BA17FCF1EEC5D4D00854718 /* Debug */,
				9BA17FD01EEC5D4D00854718 /* Release */,
			);
			defaultConfigurationIsVisible = 0;
			defaultConfigurationName = Release;
		};
/* End XCConfigurationList section */
	};
	rootObject = 9BA17FB41EEC5D4D00854718 /* Project object */;
}
